
Microsoft Visual Studio Solution File, Format Version 12.00
# Visual Studio Version 17
VisualStudioVersion = 17.8.34330.188
MinimumVisualStudioVersion = 10.0.40219.1
Project("{FAE04EC0-301F-11D3-BF4B-00C04F79EFBC}") = "SchoolManagementApp.MVC", "SchoolManagementApp.MVC.csproj", "{29713093-1131-42A9-8597-0D73553BCDEB}"
EndProject
Global
	GlobalSection(SolutionConfigurationPlatforms) = preSolution
		Debug|Any CPU = Debug|Any CPU
		Release|Any CPU = Release|Any CPU
	EndGlobalSection
	GlobalSection(ProjectConfigurationPlatforms) = postSolution
		{29713093-1131-42A9-8597-0D73553BCDEB}.Debug|Any CPU.ActiveCfg = Debug|Any CPU
		{29713093-1131-42A9-8597-0D73553BCDEB}.Debug|Any CPU.Build.0 = Debug|Any CPU
		{29713093-1131-42A9-8597-0D73553BCDEB}.Release|Any CPU.ActiveCfg = Release|Any CPU
		{29713093-1131-42A9-8597-0D73553BCDEB}.Release|Any CPU.Build.0 = Release|Any CPU
	EndGlobalSection
	GlobalSection(SolutionProperties) = preSolution
		HideSolutionNode = FALSE
	EndGlobalSection
	GlobalSection(ExtensibilityGlobals) = postSolution
		SolutionGuid = {565E11D3-37D7-40F6-8C0A-5C0A4E3A70EA}
	EndGlobalSection
EndGlobal
